
Microsoft Visual Studio Solution File, Format Version 12.00
# Visual Studio Version 16
VisualStudioVersion = 16.0.31205.134
MinimumVisualStudioVersion = 10.0.40219.1
Project("{9A19103F-16F7-4668-BE54-9A1E7A4F7556}") = "RabiRiichi", "RabiRiichi.csproj", "{46F0CFAF-D8EA-452A-AED4-DA34A9C3ACD6}"
EndProject
Project("{9A19103F-16F7-4668-BE54-9A1E7A4F7556}") = "RabiRiichiTests", "RabiRiichiTests\RabiRiichiTests.csproj", "{4FD4FCCB-54B2-46D3-BD39-F425B5D8EC21}"
EndProject
Project("{2150E333-8FDC-42A3-9474-1A3956D46DE8}") = "Solution Items", "Solution Items", "{17BC3002-678B-41F3-84F3-A8A53CF84BF4}"
	ProjectSection(SolutionItems) = preProject
		TestSettings1.testsettings = TestSettings1.testsettings
	EndProjectSection
EndProject
Project("{9A19103F-16F7-4668-BE54-9A1E7A4F7556}") = "RabiRiichiDev", "RabiRiichiDev\RabiRiichiDev.csproj", "{6F194731-DC7E-4004-AFEB-EA1A915C66CC}"
EndProject
Global
	GlobalSection(SolutionConfigurationPlatforms) = preSolution
		Debug|Any CPU = Debug|Any CPU
		Release|Any CPU = Release|Any CPU
	EndGlobalSection
	GlobalSection(ProjectConfigurationPlatforms) = postSolution
		{46F0CFAF-D8EA-452A-AED4-DA34A9C3ACD6}.Debug|Any CPU.ActiveCfg = Debug|Any CPU
		{46F0CFAF-D8EA-452A-AED4-DA34A9C3ACD6}.Debug|Any CPU.Build.0 = Debug|Any CPU
		{46F0CFAF-D8EA-452A-AED4-DA34A9C3ACD6}.Release|Any CPU.ActiveCfg = Release|Any CPU
		{46F0CFAF-D8EA-452A-AED4-DA34A9C3ACD6}.Release|Any CPU.Build.0 = Release|Any CPU
		{4FD4FCCB-54B2-46D3-BD39-F425B5D8EC21}.Debug|Any CPU.ActiveCfg = Debug|Any CPU
		{4FD4FCCB-54B2-46D3-BD39-F425B5D8EC21}.Debug|Any CPU.Build.0 = Debug|Any CPU
		{4FD4FCCB-54B2-46D3-BD39-F425B5D8EC21}.Release|Any CPU.ActiveCfg = Release|Any CPU
		{4FD4FCCB-54B2-46D3-BD39-F425B5D8EC21}.Release|Any CPU.Build.0 = Release|Any CPU
		{6F194731-DC7E-4004-AFEB-EA1A915C66CC}.Debug|Any CPU.ActiveCfg = Debug|Any CPU
		{6F194731-DC7E-4004-AFEB-EA1A915C66CC}.Debug|Any CPU.Build.0 = Debug|Any CPU
		{6F194731-DC7E-4004-AFEB-EA1A915C66CC}.Release|Any CPU.ActiveCfg = Release|Any CPU
		{6F194731-DC7E-4004-AFEB-EA1A915C66CC}.Release|Any CPU.Build.0 = Release|Any CPU
	EndGlobalSection
	GlobalSection(SolutionProperties) = preSolution
		HideSolutionNode = FALSE
	EndGlobalSection
	GlobalSection(NestedProjects) = preSolution
		{6F194731-DC7E-4004-AFEB-EA1A915C66CC} = {17BC3002-678B-41F3-84F3-A8A53CF84BF4}
	EndGlobalSection
	GlobalSection(ExtensibilityGlobals) = postSolution
		SolutionGuid = {34CF3277-BA23-419D-B4A4-F13C7BEEDD13}
	EndGlobalSection
EndGlobal
